// !$*UTF8*$!
{
	archiveVersion = 1;
	classes = {
	};
	objectVersion = 56;
	objects = {

/* Begin PBXBuildFile section */
		DD4967DD2998FD88005F4B29 /* TwoCollectionView.swift in Sources */ = {isa = PBXBuildFile; fileRef = DD4967DC2998FD88005F4B29 /* TwoCollectionView.swift */; };
		DD4967DF2999169D005F4B29 /* MainScreenPresenter.swift in Sources */ = {isa = PBXBuildFile; fileRef = DD4967DE2999169C005F4B29 /* MainScreenPresenter.swift */; };
		DD4967E229992FD6005F4B29 /* ModuleBuilder.swift in Sources */ = {isa = PBXBuildFile; fileRef = DD4967E129992FD6005F4B29 /* ModuleBuilder.swift */; };
		DDB5CDD42996776F00EECDB0 /* AppDelegate.swift in Sources */ = {isa = PBXBuildFile; fileRef = DDB5CDD32996776F00EECDB0 /* AppDelegate.swift */; };
		DDB5CDD62996776F00EECDB0 /* SceneDelegate.swift in Sources */ = {isa = PBXBuildFile; fileRef = DDB5CDD52996776F00EECDB0 /* SceneDelegate.swift */; };
		DDB5CDDD2996777100EECDB0 /* Assets.xcassets in Resources */ = {isa = PBXBuildFile; fileRef = DDB5CDDC2996777100EECDB0 /* Assets.xcassets */; };
		DDB5CDE02996777100EECDB0 /* LaunchScreen.storyboard in Resources */ = {isa = PBXBuildFile; fileRef = DDB5CDDE2996777100EECDB0 /* LaunchScreen.storyboard */; };
		DDB5CDED2996801800EECDB0 /* MainScreenViewController.swift in Sources */ = {isa = PBXBuildFile; fileRef = DDB5CDEC2996801700EECDB0 /* MainScreenViewController.swift */; };
		DDB5CDF02996808100EECDB0 /* UIView+AddSudviews.swift in Sources */ = {isa = PBXBuildFile; fileRef = DDB5CDEF2996808100EECDB0 /* UIView+AddSudviews.swift */; };
		DDB5CDF429968A3B00EECDB0 /* MainScreenContentView.swift in Sources */ = {isa = PBXBuildFile; fileRef = DDB5CDF329968A3B00EECDB0 /* MainScreenContentView.swift */; };
		DDB5CDF72996ADE800EECDB0 /* Content.swift in Sources */ = {isa = PBXBuildFile; fileRef = DDB5CDF62996ADE800EECDB0 /* Content.swift */; };
		DDB5CDF92996CB1400EECDB0 /* DirectionViewCell.swift in Sources */ = {isa = PBXBuildFile; fileRef = DDB5CDF82996CB1400EECDB0 /* DirectionViewCell.swift */; };
		DDB5CDFB2997632400EECDB0 /* OneCollectionView.swift in Sources */ = {isa = PBXBuildFile; fileRef = DDB5CDFA2997632400EECDB0 /* OneCollectionView.swift */; };
/* End PBXBuildFile section */

/* Begin PBXFileReference section */
		DD4967DC2998FD88005F4B29 /* TwoCollectionView.swift */ = {isa = PBXFileReference; lastKnownFileType = sourcecode.swift; path = TwoCollectionView.swift; sourceTree = "<group>"; };
		DD4967DE2999169C005F4B29 /* MainScreenPresenter.swift */ = {isa = PBXFileReference; lastKnownFileType = sourcecode.swift; path = MainScreenPresenter.swift; sourceTree = "<group>"; };
		DD4967E129992FD6005F4B29 /* ModuleBuilder.swift */ = {isa = PBXFileReference; lastKnownFileType = sourcecode.swift; path = ModuleBuilder.swift; sourceTree = "<group>"; };
		DDB5CDD02996776F00EECDB0 /* internship_Surf.app */ = {isa = PBXFileReference; explicitFileType = wrapper.application; includeInIndex = 0; path = internship_Surf.app; sourceTree = BUILT_PRODUCTS_DIR; };
		DDB5CDD32996776F00EECDB0 /* AppDelegate.swift */ = {isa = PBXFileReference; lastKnownFileType = sourcecode.swift; path = AppDelegate.swift; sourceTree = "<group>"; };
		DDB5CDD52996776F00EECDB0 /* SceneDelegate.swift */ = {isa = PBXFileReference; lastKnownFileType = sourcecode.swift; path = SceneDelegate.swift; sourceTree = "<group>"; };
		DDB5CDDC2996777100EECDB0 /* Assets.xcassets */ = {isa = PBXFileReference; lastKnownFileType = folder.assetcatalog; path = Assets.xcassets; sourceTree = "<group>"; };
		DDB5CDDF2996777100EECDB0 /* Base */ = {isa = PBXFileReference; lastKnownFileType = file.storyboard; name = Base; path = Base.lproj/LaunchScreen.storyboard; sourceTree = "<group>"; };
		DDB5CDE12996777100EECDB0 /* Info.plist */ = {isa = PBXFileReference; lastKnownFileType = text.plist.xml; path = Info.plist; sourceTree = "<group>"; };
		DDB5CDEC2996801700EECDB0 /* MainScreenViewController.swift */ = {isa = PBXFileReference; lastKnownFileType = sourcecode.swift; path = MainScreenViewController.swift; sourceTree = "<group>"; };
		DDB5CDEF2996808100EECDB0 /* UIView+AddSudviews.swift */ = {isa = PBXFileReference; lastKnownFileType = sourcecode.swift; path = "UIView+AddSudviews.swift"; sourceTree = "<group>"; };
		DDB5CDF329968A3B00EECDB0 /* MainScreenContentView.swift */ = {isa = PBXFileReference; lastKnownFileType = sourcecode.swift; path = MainScreenContentView.swift; sourceTree = "<group>"; };
		DDB5CDF62996ADE800EECDB0 /* Content.swift */ = {isa = PBXFileReference; lastKnownFileType = sourcecode.swift; path = Content.swift; sourceTree = "<group>"; };
		DDB5CDF82996CB1400EECDB0 /* DirectionViewCell.swift */ = {isa = PBXFileReference; lastKnownFileType = sourcecode.swift; path = DirectionViewCell.swift; sourceTree = "<group>"; };
		DDB5CDFA2997632400EECDB0 /* OneCollectionView.swift */ = {isa = PBXFileReference; lastKnownFileType = sourcecode.swift; path = OneCollectionView.swift; sourceTree = "<group>"; };
/* End PBXFileReference section */

/* Begin PBXFrameworksBuildPhase section */
		DDB5CDCD2996776F00EECDB0 /* Frameworks */ = {
			isa = PBXFrameworksBuildPhase;
			buildActionMask = 2147483647;
			files = (
			);
			runOnlyForDeploymentPostprocessing = 0;
		};
/* End PBXFrameworksBuildPhase section */

/* Begin PBXGroup section */
		DD4967E329993203005F4B29 /* Presenter */ = {
			isa = PBXGroup;
			children = (
				DD4967DE2999169C005F4B29 /* MainScreenPresenter.swift */,
			);
			path = Presenter;
			sourceTree = "<group>";
		};
		DDB5CDC72996776F00EECDB0 = {
			isa = PBXGroup;
			children = (
				DDB5CDD22996776F00EECDB0 /* internship_Surf */,
				DDB5CDD12996776F00EECDB0 /* Products */,
			);
			sourceTree = "<group>";
		};
		DDB5CDD12996776F00EECDB0 /* Products */ = {
			isa = PBXGroup;
			children = (
				DDB5CDD02996776F00EECDB0 /* internship_Surf.app */,
			);
			name = Products;
			sourceTree = "<group>";
		};
		DDB5CDD22996776F00EECDB0 /* internship_Surf */ = {
			isa = PBXGroup;
			children = (
				DDB5CDE729967C0A00EECDB0 /* Application */,
				DDB5CDEE2996806300EECDB0 /* Core */,
				DDB5CDEB29967FB900EECDB0 /* MainScreen */,
				DDB5CDEA29967E3400EECDB0 /* Supporting files */,
			);
			path = internship_Surf;
			sourceTree = "<group>";
		};
		DDB5CDE729967C0A00EECDB0 /* Application */ = {
			isa = PBXGroup;
			children = (
				DDB5CDE929967C4400EECDB0 /* View */,
				DDB5CDE829967C2300EECDB0 /* Controller */,
			);
			path = Application;
			sourceTree = "<group>";
		};
		DDB5CDE829967C2300EECDB0 /* Controller */ = {
			isa = PBXGroup;
			children = (
				DDB5CDD32996776F00EECDB0 /* AppDelegate.swift */,
				DDB5CDD52996776F00EECDB0 /* SceneDelegate.swift */,
				DD4967E129992FD6005F4B29 /* ModuleBuilder.swift */,
			);
			path = Controller;
			sourceTree = "<group>";
		};
		DDB5CDE929967C4400EECDB0 /* View */ = {
			isa = PBXGroup;
			children = (
				DDB5CDDE2996777100EECDB0 /* LaunchScreen.storyboard */,
			);
			path = View;
			sourceTree = "<group>";
		};
		DDB5CDEA29967E3400EECDB0 /* Supporting files */ = {
			isa = PBXGroup;
			children = (
				DDB5CDDC2996777100EECDB0 /* Assets.xcassets */,
				DDB5CDE12996777100EECDB0 /* Info.plist */,
			);
			path = "Supporting files";
			sourceTree = "<group>";
		};
		DDB5CDEB29967FB900EECDB0 /* MainScreen */ = {
			isa = PBXGroup;
			children = (
				DDB5CDF52996ADCE00EECDB0 /* Model */,
				DDB5CDF2299689FE00EECDB0 /* View */,
				DD4967E329993203005F4B29 /* Presenter */,
			);
			path = MainScreen;
			sourceTree = "<group>";
		};
		DDB5CDEE2996806300EECDB0 /* Core */ = {
			isa = PBXGroup;
			children = (
				DDB5CDEF2996808100EECDB0 /* UIView+AddSudviews.swift */,
			);
			path = Core;
			sourceTree = "<group>";
		};
		DDB5CDF1299680AD00EECDB0 /* Controller */ = {
			isa = PBXGroup;
			children = (
				DDB5CDEC2996801700EECDB0 /* MainScreenViewController.swift */,
			);
			path = Controller;
			sourceTree = "<group>";
		};
		DDB5CDF2299689FE00EECDB0 /* View */ = {
			isa = PBXGroup;
			children = (
				DDB5CDF1299680AD00EECDB0 /* Controller */,
				DDB5CDF329968A3B00EECDB0 /* MainScreenContentView.swift */,
				DDB5CDFA2997632400EECDB0 /* OneCollectionView.swift */,
				DD4967DC2998FD88005F4B29 /* TwoCollectionView.swift */,
				DDB5CDF82996CB1400EECDB0 /* DirectionViewCell.swift */,
			);
			path = View;
			sourceTree = "<group>";
		};
		DDB5CDF52996ADCE00EECDB0 /* Model */ = {
			isa = PBXGroup;
			children = (
				DDB5CDF62996ADE800EECDB0 /* Content.swift */,
			);
			path = Model;
			sourceTree = "<group>";
		};
/* End PBXGroup section */

/* Begin PBXNativeTarget section */
		DDB5CDCF2996776F00EECDB0 /* internship_Surf */ = {
			isa = PBXNativeTarget;
			buildConfigurationList = DDB5CDE42996777100EECDB0 /* Build configuration list for PBXNativeTarget "internship_Surf" */;
			buildPhases = (
				DDB5CDCC2996776F00EECDB0 /* Sources */,
				DDB5CDCD2996776F00EECDB0 /* Frameworks */,
				DDB5CDCE2996776F00EECDB0 /* Resources */,
			);
			buildRules = (
			);
			dependencies = (
			);
			name = internship_Surf;
			productName = internship_Surf;
			productReference = DDB5CDD02996776F00EECDB0 /* internship_Surf.app */;
			productType = "com.apple.product-type.application";
		};
/* End PBXNativeTarget section */

/* Begin PBXProject section */
		DDB5CDC82996776F00EECDB0 /* Project object */ = {
			isa = PBXProject;
			attributes = {
				BuildIndependentTargetsInParallel = 1;
				LastSwiftUpdateCheck = 1420;
				LastUpgradeCheck = 1420;
				TargetAttributes = {
					DDB5CDCF2996776F00EECDB0 = {
						CreatedOnToolsVersion = 14.2;
					};
				};
			};
			buildConfigurationList = DDB5CDCB2996776F00EECDB0 /* Build configuration list for PBXProject "internship_Surf" */;
			compatibilityVersion = "Xcode 14.0";
			developmentRegion = en;
			hasScannedForEncodings = 0;
			knownRegions = (
				en,
				Base,
			);
			mainGroup = DDB5CDC72996776F00EECDB0;
			productRefGroup = DDB5CDD12996776F00EECDB0 /* Products */;
			projectDirPath = "";
			projectRoot = "";
			targets = (
				DDB5CDCF2996776F00EECDB0 /* internship_Surf */,
			);
		};
/* End PBXProject section */

/* Begin PBXResourcesBuildPhase section */
		DDB5CDCE2996776F00EECDB0 /* Resources */ = {
			isa = PBXResourcesBuildPhase;
			buildActionMask = 2147483647;
			files = (
				DDB5CDE02996777100EECDB0 /* LaunchScreen.storyboard in Resources */,
				DDB5CDDD2996777100EECDB0 /* Assets.xcassets in Resources */,
			);
			runOnlyForDeploymentPostprocessing = 0;
		};
/* End PBXResourcesBuildPhase section */

/* Begin PBXSourcesBuildPhase section */
		DDB5CDCC2996776F00EECDB0 /* Sources */ = {
			isa = PBXSourcesBuildPhase;
			buildActionMask = 2147483647;
			files = (
				DDB5CDED2996801800EECDB0 /* MainScreenViewController.swift in Sources */,
				DD4967DD2998FD88005F4B29 /* TwoCollectionView.swift in Sources */,
				DDB5CDD42996776F00EECDB0 /* AppDelegate.swift in Sources */,
				DDB5CDF429968A3B00EECDB0 /* MainScreenContentView.swift in Sources */,
				DD4967E229992FD6005F4B29 /* ModuleBuilder.swift in Sources */,
				DDB5CDFB2997632400EECDB0 /* OneCollectionView.swift in Sources */,
				DDB5CDF92996CB1400EECDB0 /* DirectionViewCell.swift in Sources */,
				DDB5CDF02996808100EECDB0 /* UIView+AddSudviews.swift in Sources */,
				DDB5CDD62996776F00EECDB0 /* SceneDelegate.swift in Sources */,
				DDB5CDF72996ADE800EECDB0 /* Content.swift in Sources */,
				DD4967DF2999169D005F4B29 /* MainScreenPresenter.swift in Sources */,
			);
			runOnlyForDeploymentPostprocessing = 0;
		};
/* End PBXSourcesBuildPhase section */

/* Begin PBXVariantGroup section */
		DDB5CDDE2996777100EECDB0 /* LaunchScreen.storyboard */ = {
			isa = PBXVariantGroup;
			children = (
				DDB5CDDF2996777100EECDB0 /* Base */,
			);
			name = LaunchScreen.storyboard;
			sourceTree = "<group>";
		};
/* End PBXVariantGroup section */

/* Begin XCBuildConfiguration section */
		DDB5CDE22996777100EECDB0 /* Debug */ = {
			isa = XCBuildConfiguration;
			buildSettings = {
				ALWAYS_SEARCH_USER_PATHS = NO;
				CLANG_ANALYZER_NONNULL = YES;
				CLANG_ANALYZER_NUMBER_OBJECT_CONVERSION = YES_AGGRESSIVE;
				CLANG_CXX_LANGUAGE_STANDARD = "gnu++20";
				CLANG_ENABLE_MODULES = YES;
				CLANG_ENABLE_OBJC_ARC = YES;
				CLANG_ENABLE_OBJC_WEAK = YES;
				CLANG_WARN_BLOCK_CAPTURE_AUTORELEASING = YES;
				CLANG_WARN_BOOL_CONVERSION = YES;
				CLANG_WARN_COMMA = YES;
				CLANG_WARN_CONSTANT_CONVERSION = YES;
				CLANG_WARN_DEPRECATED_OBJC_IMPLEMENTATIONS = YES;
				CLANG_WARN_DIRECT_OBJC_ISA_USAGE = YES_ERROR;
				CLANG_WARN_DOCUMENTATION_COMMENTS = YES;
				CLANG_WARN_EMPTY_BODY = YES;
				CLANG_WARN_ENUM_CONVERSION = YES;
				CLANG_WARN_INFINITE_RECURSION = YES;
				CLANG_WARN_INT_CONVERSION = YES;
				CLANG_WARN_NON_LITERAL_NULL_CONVERSION = YES;
				CLANG_WARN_OBJC_IMPLICIT_RETAIN_SELF = YES;
				CLANG_WARN_OBJC_LITERAL_CONVERSION = YES;
				CLANG_WARN_OBJC_ROOT_CLASS = YES_ERROR;
				CLANG_WARN_QUOTED_INCLUDE_IN_FRAMEWORK_HEADER = YES;
				CLANG_WARN_RANGE_LOOP_ANALYSIS = YES;
				CLANG_WARN_STRICT_PROTOTYPES = YES;
				CLANG_WARN_SUSPICIOUS_MOVE = YES;
				CLANG_WARN_UNGUARDED_AVAILABILITY = YES_AGGRESSIVE;
				CLANG_WARN_UNREACHABLE_CODE = YES;
				CLANG_WARN__DUPLICATE_METHOD_MATCH = YES;
				COPY_PHASE_STRIP = NO;
				DEBUG_INFORMATION_FORMAT = dwarf;
				ENABLE_STRICT_OBJC_MSGSEND = YES;
				ENABLE_TESTABILITY = YES;
				GCC_C_LANGUAGE_STANDARD = gnu11;
				GCC_DYNAMIC_NO_PIC = NO;
				GCC_NO_COMMON_BLOCKS = YES;
				GCC_OPTIMIZATION_LEVEL = 0;
				GCC_PREPROCESSOR_DEFINITIONS = (
					"DEBUG=1",
					"$(inherited)",
				);
				GCC_WARN_64_TO_32_BIT_CONVERSION = YES;
				GCC_WARN_ABOUT_RETURN_TYPE = YES_ERROR;
				GCC_WARN_UNDECLARED_SELECTOR = YES;
				GCC_WARN_UNINITIALIZED_AUTOS = YES_AGGRESSIVE;
				GCC_WARN_UNUSED_FUNCTION = YES;
				GCC_WARN_UNUSED_VARIABLE = YES;
				IPHONEOS_DEPLOYMENT_TARGET = 16.2;
				MTL_ENABLE_DEBUG_INFO = INCLUDE_SOURCE;
				MTL_FAST_MATH = YES;
				ONLY_ACTIVE_ARCH = YES;
				SDKROOT = iphoneos;
				SWIFT_ACTIVE_COMPILATION_CONDITIONS = DEBUG;
				SWIFT_OPTIMIZATION_LEVEL = "-Onone";
			};
			name = Debug;
		};
		DDB5CDE32996777100EECDB0 /* Release */ = {
			isa = XCBuildConfiguration;
			buildSettings = {
				ALWAYS_SEARCH_USER_PATHS = NO;
				CLANG_ANALYZER_NONNULL = YES;
				CLANG_ANALYZER_NUMBER_OBJECT_CONVERSION = YES_AGGRESSIVE;
				CLANG_CXX_LANGUAGE_STANDARD = "gnu++20";
				CLANG_ENABLE_MODULES = YES;
				CLANG_ENABLE_OBJC_ARC = YES;
				CLANG_ENABLE_OBJC_WEAK = YES;
				CLANG_WARN_BLOCK_CAPTURE_AUTORELEASING = YES;
				CLANG_WARN_BOOL_CONVERSION = YES;
				CLANG_WARN_COMMA = YES;
				CLANG_WARN_CONSTANT_CONVERSION = YES;
				CLANG_WARN_DEPRECATED_OBJC_IMPLEMENTATIONS = YES;
				CLANG_WARN_DIRECT_OBJC_ISA_USAGE = YES_ERROR;
				CLANG_WARN_DOCUMENTATION_COMMENTS = YES;
				CLANG_WARN_EMPTY_BODY = YES;
				CLANG_WARN_ENUM_CONVERSION = YES;
				CLANG_WARN_INFINITE_RECURSION = YES;
				CLANG_WARN_INT_CONVERSION = YES;
				CLANG_WARN_NON_LITERAL_NULL_CONVERSION = YES;
				CLANG_WARN_OBJC_IMPLICIT_RETAIN_SELF = YES;
				CLANG_WARN_OBJC_LITERAL_CONVERSION = YES;
				CLANG_WARN_OBJC_ROOT_CLASS = YES_ERROR;
				CLANG_WARN_QUOTED_INCLUDE_IN_FRAMEWORK_HEADER = YES;
				CLANG_WARN_RANGE_LOOP_ANALYSIS = YES;
				CLANG_WARN_STRICT_PROTOTYPES = YES;
				CLANG_WARN_SUSPICIOUS_MOVE = YES;
				CLANG_WARN_UNGUARDED_AVAILABILITY = YES_AGGRESSIVE;
				CLANG_WARN_UNREACHABLE_CODE = YES;
				CLANG_WARN__DUPLICATE_METHOD_MATCH = YES;
				COPY_PHASE_STRIP = NO;
				DEBUG_INFORMATION_FORMAT = "dwarf-with-dsym";
				ENABLE_NS_ASSERTIONS = NO;
				ENABLE_STRICT_OBJC_MSGSEND = YES;
				GCC_C_LANGUAGE_STANDARD = gnu11;
				GCC_NO_COMMON_BLOCKS = YES;
				GCC_WARN_64_TO_32_BIT_CONVERSION = YES;
				GCC_WARN_ABOUT_RETURN_TYPE = YES_ERROR;
				GCC_WARN_UNDECLARED_SELECTOR = YES;
				GCC_WARN_UNINITIALIZED_AUTOS = YES_AGGRESSIVE;
				GCC_WARN_UNUSED_FUNCTION = YES;
				GCC_WARN_UNUSED_VARIABLE = YES;
				IPHONEOS_DEPLOYMENT_TARGET = 16.2;
				MTL_ENABLE_DEBUG_INFO = NO;
				MTL_FAST_MATH = YES;
				SDKROOT = iphoneos;
				SWIFT_COMPILATION_MODE = wholemodule;
				SWIFT_OPTIMIZATION_LEVEL = "-O";
				VALIDATE_PRODUCT = YES;
			};
			name = Release;
		};
		DDB5CDE52996777100EECDB0 /* Debug */ = {
			isa = XCBuildConfiguration;
			buildSettings = {
				ASSETCATALOG_COMPILER_APPICON_NAME = AppIcon;
				ASSETCATALOG_COMPILER_GLOBAL_ACCENT_COLOR_NAME = AccentColor;
				CODE_SIGN_STYLE = Automatic;
				CURRENT_PROJECT_VERSION = 1;
				DEVELOPMENT_TEAM = 62VLSN5H88;
				GENERATE_INFOPLIST_FILE = YES;
				INFOPLIST_FILE = "internship_Surf/Supporting files/Info.plist";
				INFOPLIST_KEY_UIApplicationSupportsIndirectInputEvents = YES;
				INFOPLIST_KEY_UILaunchStoryboardName = LaunchScreen;
				INFOPLIST_KEY_UISupportedInterfaceOrientations = UIInterfaceOrientationPortrait;
				INFOPLIST_KEY_UISupportedInterfaceOrientations_iPad = "UIInterfaceOrientationLandscapeLeft UIInterfaceOrientationLandscapeRight UIInterfaceOrientationPortrait UIInterfaceOrientationPortraitUpsideDown";
				LD_RUNPATH_SEARCH_PATHS = (
					"$(inherited)",
					"@executable_path/Frameworks",
				);
				MARKETING_VERSION = 1.0;
				PRODUCT_BUNDLE_IDENTIFIER = "deshab.internship-Surf";
				PRODUCT_NAME = "$(TARGET_NAME)";
				SWIFT_EMIT_LOC_STRINGS = YES;
				SWIFT_VERSION = 5.0;
				TARGETED_DEVICE_FAMILY = 1;
			};
			name = Debug;
		};
		DDB5CDE62996777100EECDB0 /* Release */ = {
			isa = XCBuildConfiguration;
			buildSettings = {
				ASSETCATALOG_COMPILER_APPICON_NAME = AppIcon;
				ASSETCATALOG_COMPILER_GLOBAL_ACCENT_COLOR_NAME = AccentColor;
				CODE_SIGN_STYLE = Automatic;
				CURRENT_PROJECT_VERSION = 1;
				DEVELOPMENT_TEAM = 62VLSN5H88;
				GENERATE_INFOPLIST_FILE = YES;
				INFOPLIST_FILE = "internship_Surf/Supporting files/Info.plist";
				INFOPLIST_KEY_UIApplicationSupportsIndirectInputEvents = YES;
				INFOPLIST_KEY_UILaunchStoryboardName = LaunchScreen;
				INFOPLIST_KEY_UISupportedInterfaceOrientations = UIInterfaceOrientationPortrait;
				INFOPLIST_KEY_UISupportedInterfaceOrientations_iPad = "UIInterfaceOrientationLandscapeLeft UIInterfaceOrientationLandscapeRight UIInterfaceOrientationPortrait UIInterfaceOrientationPortraitUpsideDown";
				LD_RUNPATH_SEARCH_PATHS = (
					"$(inherited)",
					"@executable_path/Frameworks",
				);
				MARKETING_VERSION = 1.0;
				PRODUCT_BUNDLE_IDENTIFIER = "deshab.internship-Surf";
				PRODUCT_NAME = "$(TARGET_NAME)";
				SWIFT_EMIT_LOC_STRINGS = YES;
				SWIFT_VERSION = 5.0;
				TARGETED_DEVICE_FAMILY = 1;
			};
			name = Release;
		};
/* End XCBuildConfiguration section */

/* Begin XCConfigurationList section */
		DDB5CDCB2996776F00EECDB0 /* Build configuration list for PBXProject "internship_Surf" */ = {
			isa = XCConfigurationList;
			buildConfigurations = (
				DDB5CDE22996777100EECDB0 /* Debug */,
				DDB5CDE32996777100EECDB0 /* Release */,
			);
			defaultConfigurationIsVisible = 0;
			defaultConfigurationName = Release;
		};
		DDB5CDE42996777100EECDB0 /* Build configuration list for PBXNativeTarget "internship_Surf" */ = {
			isa = XCConfigurationList;
			buildConfigurations = (
				DDB5CDE52996777100EECDB0 /* Debug */,
				DDB5CDE62996777100EECDB0 /* Release */,
			);
			defaultConfigurationIsVisible = 0;
			defaultConfigurationName = Release;
		};
/* End XCConfigurationList section */
	};
	rootObject = DDB5CDC82996776F00EECDB0 /* Project object */;
}
